
Microsoft Visual Studio Solution File, Format Version 12.00
# Visual Studio Version 16
VisualStudioVersion = 16.0.30621.155
MinimumVisualStudioVersion = 10.0.40219.1
Project("{FAE04EC0-301F-11D3-BF4B-00C04F79EFBC}") = "Entities", "Entities\Entities.csproj", "{FAF9CD58-9B4B-40EC-BD47-770A223A6BED}"
EndProject
Project("{FAE04EC0-301F-11D3-BF4B-00C04F79EFBC}") = "DataAccess", "DataAccess\DataAccess.csproj", "{51C3AE00-FAB7-4040-974A-0C036E11537C}"
EndProject
Project("{FAE04EC0-301F-11D3-BF4B-00C04F79EFBC}") = "Business", "Business\Business.csproj", "{7D0BDEE1-407F-4484-968B-590FD510A3E1}"
EndProject
Project("{9A19103F-16F7-4668-BE54-9A1E7A4F7556}") = "WebUI", "WebUI\WebUI.csproj", "{2C4CF627-E765-45DF-85E0-416F52B8BD7C}"
EndProject
Global
	GlobalSection(SolutionConfigurationPlatforms) = preSolution
		Debug|Any CPU = Debug|Any CPU
		Release|Any CPU = Release|Any CPU
	EndGlobalSection
	GlobalSection(ProjectConfigurationPlatforms) = postSolution
		{FAF9CD58-9B4B-40EC-BD47-770A223A6BED}.Debug|Any CPU.ActiveCfg = Debug|Any CPU
		{FAF9CD58-9B4B-40EC-BD47-770A223A6BED}.Debug|Any CPU.Build.0 = Debug|Any CPU
		{FAF9CD58-9B4B-40EC-BD47-770A223A6BED}.Release|Any CPU.ActiveCfg = Release|Any CPU
		{FAF9CD58-9B4B-40EC-BD47-770A223A6BED}.Release|Any CPU.Build.0 = Release|Any CPU
		{51C3AE00-FAB7-4040-974A-0C036E11537C}.Debug|Any CPU.ActiveCfg = Debug|Any CPU
		{51C3AE00-FAB7-4040-974A-0C036E11537C}.Debug|Any CPU.Build.0 = Debug|Any CPU
		{51C3AE00-FAB7-4040-974A-0C036E11537C}.Release|Any CPU.ActiveCfg = Release|Any CPU
		{51C3AE00-FAB7-4040-974A-0C036E11537C}.Release|Any CPU.Build.0 = Release|Any CPU
		{7D0BDEE1-407F-4484-968B-590FD510A3E1}.Debug|Any CPU.ActiveCfg = Debug|Any CPU
		{7D0BDEE1-407F-4484-968B-590FD510A3E1}.Debug|Any CPU.Build.0 = Debug|Any CPU
		{7D0BDEE1-407F-4484-968B-590FD510A3E1}.Release|Any CPU.ActiveCfg = Release|Any CPU
		{7D0BDEE1-407F-4484-968B-590FD510A3E1}.Release|Any CPU.Build.0 = Release|Any CPU
		{2C4CF627-E765-45DF-85E0-416F52B8BD7C}.Debug|Any CPU.ActiveCfg = Debug|Any CPU
		{2C4CF627-E765-45DF-85E0-416F52B8BD7C}.Debug|Any CPU.Build.0 = Debug|Any CPU
		{2C4CF627-E765-45DF-85E0-416F52B8BD7C}.Release|Any CPU.ActiveCfg = Release|Any CPU
		{2C4CF627-E765-45DF-85E0-416F52B8BD7C}.Release|Any CPU.Build.0 = Release|Any CPU
	EndGlobalSection
	GlobalSection(SolutionProperties) = preSolution
		HideSolutionNode = FALSE
	EndGlobalSection
	GlobalSection(ExtensibilityGlobals) = postSolution
		SolutionGuid = {02AA291F-3B53-4EA5-AF1A-C8A64023B90C}
	EndGlobalSection
EndGlobal
